
Microsoft Visual Studio Solution File, Format Version 12.00
# Visual Studio Version 16
VisualStudioVersion = 16.0.29709.97
MinimumVisualStudioVersion = 10.0.40219.1
Project("{9A19103F-16F7-4668-BE54-9A1E7A4F7556}") = "ChannelsExample", "ChannelsExample\ChannelsExample.csproj", "{1BBE508F-941C-4AA2-BAF6-6CE70D147E9F}"
EndProject
Global
	GlobalSection(SolutionConfigurationPlatforms) = preSolution
		Debug|Any CPU = Debug|Any CPU
		Release|Any CPU = Release|Any CPU
	EndGlobalSection
	GlobalSection(ProjectConfigurationPlatforms) = postSolution
		{1BBE508F-941C-4AA2-BAF6-6CE70D147E9F}.Debug|Any CPU.ActiveCfg = Debug|Any CPU
		{1BBE508F-941C-4AA2-BAF6-6CE70D147E9F}.Debug|Any CPU.Build.0 = Debug|Any CPU
		{1BBE508F-941C-4AA2-BAF6-6CE70D147E9F}.Release|Any CPU.ActiveCfg = Release|Any CPU
		{1BBE508F-941C-4AA2-BAF6-6CE70D147E9F}.Release|Any CPU.Build.0 = Release|Any CPU
	EndGlobalSection
	GlobalSection(SolutionProperties) = preSolution
		HideSolutionNode = FALSE
	EndGlobalSection
	GlobalSection(ExtensibilityGlobals) = postSolution
		SolutionGuid = {F8CD6996-7F6F-4AAD-8A32-403A832F1FE8}
	EndGlobalSection
EndGlobal
